
Microsoft Visual Studio Solution File, Format Version 12.00
# Visual Studio Version 17
VisualStudioVersion = 17.8.34316.72
MinimumVisualStudioVersion = 10.0.40219.1
Project("{FAE04EC0-301F-11D3-BF4B-00C04F79EFBC}") = "HoaDon_Api", "HoaDon_Api\HoaDon_Api.csproj", "{03EB74A8-BB33-4030-85E9-2141D110ABD3}"
EndProject
Global
	GlobalSection(SolutionConfigurationPlatforms) = preSolution
		Debug|Any CPU = Debug|Any CPU
		Release|Any CPU = Release|Any CPU
	EndGlobalSection
	GlobalSection(ProjectConfigurationPlatforms) = postSolution
		{03EB74A8-BB33-4030-85E9-2141D110ABD3}.Debug|Any CPU.ActiveCfg = Debug|Any CPU
		{03EB74A8-BB33-4030-85E9-2141D110ABD3}.Debug|Any CPU.Build.0 = Debug|Any CPU
		{03EB74A8-BB33-4030-85E9-2141D110ABD3}.Release|Any CPU.ActiveCfg = Release|Any CPU
		{03EB74A8-BB33-4030-85E9-2141D110ABD3}.Release|Any CPU.Build.0 = Release|Any CPU
	EndGlobalSection
	GlobalSection(SolutionProperties) = preSolution
		HideSolutionNode = FALSE
	EndGlobalSection
	GlobalSection(ExtensibilityGlobals) = postSolution
		SolutionGuid = {BC7C9C50-04C6-498E-B429-9EB3F5A273B8}
	EndGlobalSection
EndGlobal
